
Microsoft Visual Studio Solution File, Format Version 12.00
# Visual Studio Version 17
VisualStudioVersion = 17.2.32616.157
MinimumVisualStudioVersion = 10.0.40219.1
Project("{9A19103F-16F7-4668-BE54-9A1E7A4F7556}") = "EmployeeAPI", "Employee\EmployeeAPI.csproj", "{30C7D91E-AF40-41BA-B1C8-BD38F457A46B}"
EndProject
Project("{9A19103F-16F7-4668-BE54-9A1E7A4F7556}") = "ApiEFLayer", "ApiEFLayer\ApiEFLayer.csproj", "{741A5BA6-96CA-4AD5-9CA2-4D6BEA1F2151}"
EndProject
Global
	GlobalSection(SolutionConfigurationPlatforms) = preSolution
		Debug|Any CPU = Debug|Any CPU
		Release|Any CPU = Release|Any CPU
	EndGlobalSection
	GlobalSection(ProjectConfigurationPlatforms) = postSolution
		{30C7D91E-AF40-41BA-B1C8-BD38F457A46B}.Debug|Any CPU.ActiveCfg = Debug|Any CPU
		{30C7D91E-AF40-41BA-B1C8-BD38F457A46B}.Debug|Any CPU.Build.0 = Debug|Any CPU
		{30C7D91E-AF40-41BA-B1C8-BD38F457A46B}.Release|Any CPU.ActiveCfg = Release|Any CPU
		{30C7D91E-AF40-41BA-B1C8-BD38F457A46B}.Release|Any CPU.Build.0 = Release|Any CPU
		{741A5BA6-96CA-4AD5-9CA2-4D6BEA1F2151}.Debug|Any CPU.ActiveCfg = Debug|Any CPU
		{741A5BA6-96CA-4AD5-9CA2-4D6BEA1F2151}.Debug|Any CPU.Build.0 = Debug|Any CPU
		{741A5BA6-96CA-4AD5-9CA2-4D6BEA1F2151}.Release|Any CPU.ActiveCfg = Release|Any CPU
		{741A5BA6-96CA-4AD5-9CA2-4D6BEA1F2151}.Release|Any CPU.Build.0 = Release|Any CPU
	EndGlobalSection
	GlobalSection(SolutionProperties) = preSolution
		HideSolutionNode = FALSE
	EndGlobalSection
	GlobalSection(ExtensibilityGlobals) = postSolution
		SolutionGuid = {1D312454-CF52-40A0-8007-1FD97600F95A}
	EndGlobalSection
EndGlobal
